
Microsoft Visual Studio Solution File, Format Version 12.00
# Visual Studio Version 17
VisualStudioVersion = 17.0.32014.148
MinimumVisualStudioVersion = 10.0.40219.1
Project("{9A19103F-16F7-4668-BE54-9A1E7A4F7556}") = "RangeImportSupportTool.WPF", "RangeImportSupportTool.WPF\RangeImportSupportTool.WPF.csproj", "{905C9930-D3BA-4698-8E3C-0A4A081AD179}"
EndProject
Project("{9A19103F-16F7-4668-BE54-9A1E7A4F7556}") = "RangeImportSupportTool.Domain", "RangeImportSupportTool.Domain\RangeImportSupportTool.Domain.csproj", "{F92C8127-F103-4E77-8955-B7DFAC0B67F2}"
EndProject
Project("{9A19103F-16F7-4668-BE54-9A1E7A4F7556}") = "RangeImportSupportTool.APIService", "RangeImportSupportTool.API\RangeImportSupportTool.APIService.csproj", "{84C6DA79-300C-4E0A-9EB2-6D12D6E2FB8C}"
EndProject
Global
	GlobalSection(SolutionConfigurationPlatforms) = preSolution
		Debug|Any CPU = Debug|Any CPU
		Debug|x64 = Debug|x64
		Release|Any CPU = Release|Any CPU
		Release|x64 = Release|x64
	EndGlobalSection
	GlobalSection(ProjectConfigurationPlatforms) = postSolution
		{905C9930-D3BA-4698-8E3C-0A4A081AD179}.Debug|Any CPU.ActiveCfg = Debug|Any CPU
		{905C9930-D3BA-4698-8E3C-0A4A081AD179}.Debug|Any CPU.Build.0 = Debug|Any CPU
		{905C9930-D3BA-4698-8E3C-0A4A081AD179}.Debug|x64.ActiveCfg = Debug|x64
		{905C9930-D3BA-4698-8E3C-0A4A081AD179}.Debug|x64.Build.0 = Debug|x64
		{905C9930-D3BA-4698-8E3C-0A4A081AD179}.Release|Any CPU.ActiveCfg = Release|Any CPU
		{905C9930-D3BA-4698-8E3C-0A4A081AD179}.Release|Any CPU.Build.0 = Release|Any CPU
		{905C9930-D3BA-4698-8E3C-0A4A081AD179}.Release|x64.ActiveCfg = Release|x64
		{905C9930-D3BA-4698-8E3C-0A4A081AD179}.Release|x64.Build.0 = Release|x64
		{F92C8127-F103-4E77-8955-B7DFAC0B67F2}.Debug|Any CPU.ActiveCfg = Debug|Any CPU
		{F92C8127-F103-4E77-8955-B7DFAC0B67F2}.Debug|Any CPU.Build.0 = Debug|Any CPU
		{F92C8127-F103-4E77-8955-B7DFAC0B67F2}.Debug|x64.ActiveCfg = Debug|x64
		{F92C8127-F103-4E77-8955-B7DFAC0B67F2}.Debug|x64.Build.0 = Debug|x64
		{F92C8127-F103-4E77-8955-B7DFAC0B67F2}.Release|Any CPU.ActiveCfg = Release|Any CPU
		{F92C8127-F103-4E77-8955-B7DFAC0B67F2}.Release|Any CPU.Build.0 = Release|Any CPU
		{F92C8127-F103-4E77-8955-B7DFAC0B67F2}.Release|x64.ActiveCfg = Release|x64
		{F92C8127-F103-4E77-8955-B7DFAC0B67F2}.Release|x64.Build.0 = Release|x64
		{84C6DA79-300C-4E0A-9EB2-6D12D6E2FB8C}.Debug|Any CPU.ActiveCfg = Debug|Any CPU
		{84C6DA79-300C-4E0A-9EB2-6D12D6E2FB8C}.Debug|Any CPU.Build.0 = Debug|Any CPU
		{84C6DA79-300C-4E0A-9EB2-6D12D6E2FB8C}.Debug|x64.ActiveCfg = Debug|x64
		{84C6DA79-300C-4E0A-9EB2-6D12D6E2FB8C}.Debug|x64.Build.0 = Debug|x64
		{84C6DA79-300C-4E0A-9EB2-6D12D6E2FB8C}.Release|Any CPU.ActiveCfg = Release|Any CPU
		{84C6DA79-300C-4E0A-9EB2-6D12D6E2FB8C}.Release|Any CPU.Build.0 = Release|Any CPU
		{84C6DA79-300C-4E0A-9EB2-6D12D6E2FB8C}.Release|x64.ActiveCfg = Release|x64
		{84C6DA79-300C-4E0A-9EB2-6D12D6E2FB8C}.Release|x64.Build.0 = Release|x64
	EndGlobalSection
	GlobalSection(SolutionProperties) = preSolution
		HideSolutionNode = FALSE
	EndGlobalSection
	GlobalSection(ExtensibilityGlobals) = postSolution
		SolutionGuid = {1DB1C641-9DD8-47C3-8206-34C6E1DDA430}
	EndGlobalSection
EndGlobal
